
Microsoft Visual Studio Solution File, Format Version 12.00
# Visual Studio Version 17
VisualStudioVersion = 17.7.34202.233
MinimumVisualStudioVersion = 10.0.40219.1
Project("{9A19103F-16F7-4668-BE54-9A1E7A4F7556}") = "AdsProyect.BussinessEntities", "AdsProyect.BussinessEntities\AdsProyect.BussinessEntities.csproj", "{6A3283E5-AA61-43E9-9785-FD3E7899966C}"
EndProject
Project("{9A19103F-16F7-4668-BE54-9A1E7A4F7556}") = "AdsProject.DataAccessLogic", "AdsProject.DataAccessLogic\AdsProject.DataAccessLogic.csproj", "{2F8F45B3-A2C5-4B8A-9C5A-87D89EED096A}"
EndProject
Project("{9A19103F-16F7-4668-BE54-9A1E7A4F7556}") = "AdsPoject.BussinessLogic", "AdsPoject.BussinessLogic\AdsPoject.BussinessLogic.csproj", "{0C475C69-1523-4D6E-83AD-24323242C6C4}"
EndProject
Project("{FAE04EC0-301F-11D3-BF4B-00C04F79EFBC}") = "AdsProject.UserInterfacee", "AdsProject.UserInterfacee\AdsProject.UserInterfacee.csproj", "{A25CB702-BBFA-4065-BB77-CCC75CE2ACA6}"
EndProject
Global
	GlobalSection(SolutionConfigurationPlatforms) = preSolution
		Debug|Any CPU = Debug|Any CPU
		Release|Any CPU = Release|Any CPU
	EndGlobalSection
	GlobalSection(ProjectConfigurationPlatforms) = postSolution
		{6A3283E5-AA61-43E9-9785-FD3E7899966C}.Debug|Any CPU.ActiveCfg = Debug|Any CPU
		{6A3283E5-AA61-43E9-9785-FD3E7899966C}.Debug|Any CPU.Build.0 = Debug|Any CPU
		{6A3283E5-AA61-43E9-9785-FD3E7899966C}.Release|Any CPU.ActiveCfg = Release|Any CPU
		{6A3283E5-AA61-43E9-9785-FD3E7899966C}.Release|Any CPU.Build.0 = Release|Any CPU
		{2F8F45B3-A2C5-4B8A-9C5A-87D89EED096A}.Debug|Any CPU.ActiveCfg = Debug|Any CPU
		{2F8F45B3-A2C5-4B8A-9C5A-87D89EED096A}.Debug|Any CPU.Build.0 = Debug|Any CPU
		{2F8F45B3-A2C5-4B8A-9C5A-87D89EED096A}.Release|Any CPU.ActiveCfg = Release|Any CPU
		{2F8F45B3-A2C5-4B8A-9C5A-87D89EED096A}.Release|Any CPU.Build.0 = Release|Any CPU
		{0C475C69-1523-4D6E-83AD-24323242C6C4}.Debug|Any CPU.ActiveCfg = Debug|Any CPU
		{0C475C69-1523-4D6E-83AD-24323242C6C4}.Debug|Any CPU.Build.0 = Debug|Any CPU
		{0C475C69-1523-4D6E-83AD-24323242C6C4}.Release|Any CPU.ActiveCfg = Release|Any CPU
		{0C475C69-1523-4D6E-83AD-24323242C6C4}.Release|Any CPU.Build.0 = Release|Any CPU
		{A25CB702-BBFA-4065-BB77-CCC75CE2ACA6}.Debug|Any CPU.ActiveCfg = Debug|Any CPU
		{A25CB702-BBFA-4065-BB77-CCC75CE2ACA6}.Debug|Any CPU.Build.0 = Debug|Any CPU
		{A25CB702-BBFA-4065-BB77-CCC75CE2ACA6}.Release|Any CPU.ActiveCfg = Release|Any CPU
		{A25CB702-BBFA-4065-BB77-CCC75CE2ACA6}.Release|Any CPU.Build.0 = Release|Any CPU
	EndGlobalSection
	GlobalSection(SolutionProperties) = preSolution
		HideSolutionNode = FALSE
	EndGlobalSection
	GlobalSection(ExtensibilityGlobals) = postSolution
		SolutionGuid = {58F2F6DE-9274-49F4-BEB3-8871088C3D2F}
	EndGlobalSection
EndGlobal
